// !$*UTF8*$!
{
	archiveVersion = 1;
	classes = {
	};
	objectVersion = 55;
	objects = {

/* Begin PBXBuildFile section */
		E4D37AC228EF7294004FA7F5 /* tierraApp.swift in Sources */ = {isa = PBXBuildFile; fileRef = E4D37AB228EF7292004FA7F5 /* tierraApp.swift */; };
		E4D37AC328EF7294004FA7F5 /* tierraApp.swift in Sources */ = {isa = PBXBuildFile; fileRef = E4D37AB228EF7292004FA7F5 /* tierraApp.swift */; };
		E4D37AC428EF7294004FA7F5 /* ContentView.swift in Sources */ = {isa = PBXBuildFile; fileRef = E4D37AB328EF7292004FA7F5 /* ContentView.swift */; };
		E4D37AC528EF7294004FA7F5 /* ContentView.swift in Sources */ = {isa = PBXBuildFile; fileRef = E4D37AB328EF7292004FA7F5 /* ContentView.swift */; };
		E4D37AC628EF7294004FA7F5 /* Assets.xcassets in Resources */ = {isa = PBXBuildFile; fileRef = E4D37AB428EF7294004FA7F5 /* Assets.xcassets */; };
		E4D37AC728EF7294004FA7F5 /* Assets.xcassets in Resources */ = {isa = PBXBuildFile; fileRef = E4D37AB428EF7294004FA7F5 /* Assets.xcassets */; };
		E4DCB0C728F13A1700A19FD5 /* MapboxMaps in Frameworks */ = {isa = PBXBuildFile; productRef = E4DCB0C628F13A1700A19FD5 /* MapboxMaps */; };
		E4DCB0CA28F13FD400A19FD5 /* MapBoxMapView.swift in Sources */ = {isa = PBXBuildFile; fileRef = E4DCB0C928F13FD300A19FD5 /* MapBoxMapView.swift */; };
/* End PBXBuildFile section */

/* Begin PBXFileReference section */
		E4D37AB228EF7292004FA7F5 /* tierraApp.swift */ = {isa = PBXFileReference; lastKnownFileType = sourcecode.swift; path = tierraApp.swift; sourceTree = "<group>"; };
		E4D37AB328EF7292004FA7F5 /* ContentView.swift */ = {isa = PBXFileReference; lastKnownFileType = sourcecode.swift; path = ContentView.swift; sourceTree = "<group>"; };
		E4D37AB428EF7294004FA7F5 /* Assets.xcassets */ = {isa = PBXFileReference; lastKnownFileType = folder.assetcatalog; path = Assets.xcassets; sourceTree = "<group>"; };
		E4D37AB928EF7294004FA7F5 /* tierra.app */ = {isa = PBXFileReference; explicitFileType = wrapper.application; includeInIndex = 0; path = tierra.app; sourceTree = BUILT_PRODUCTS_DIR; };
		E4D37ABF28EF7294004FA7F5 /* tierra.app */ = {isa = PBXFileReference; explicitFileType = wrapper.application; includeInIndex = 0; path = tierra.app; sourceTree = BUILT_PRODUCTS_DIR; };
		E4D37AC128EF7294004FA7F5 /* macOS.entitlements */ = {isa = PBXFileReference; lastKnownFileType = text.plist.entitlements; path = macOS.entitlements; sourceTree = "<group>"; };
		E4DCB0C428F138F300A19FD5 /* tierra--iOS--Info.plist */ = {isa = PBXFileReference; lastKnownFileType = text.plist; path = "tierra--iOS--Info.plist"; sourceTree = "<group>"; };
		E4DCB0C828F13B4700A19FD5 /* README.md */ = {isa = PBXFileReference; lastKnownFileType = net.daringfireball.markdown; path = README.md; sourceTree = "<group>"; };
		E4DCB0C928F13FD300A19FD5 /* MapBoxMapView.swift */ = {isa = PBXFileReference; lastKnownFileType = sourcecode.swift; path = MapBoxMapView.swift; sourceTree = "<group>"; };
/* End PBXFileReference section */

/* Begin PBXFrameworksBuildPhase section */
		E4D37AB628EF7294004FA7F5 /* Frameworks */ = {
			isa = PBXFrameworksBuildPhase;
			buildActionMask = 2147483647;
			files = (
				E4DCB0C728F13A1700A19FD5 /* MapboxMaps in Frameworks */,
			);
			runOnlyForDeploymentPostprocessing = 0;
		};
		E4D37ABC28EF7294004FA7F5 /* Frameworks */ = {
			isa = PBXFrameworksBuildPhase;
			buildActionMask = 2147483647;
			files = (
			);
			runOnlyForDeploymentPostprocessing = 0;
		};
/* End PBXFrameworksBuildPhase section */

/* Begin PBXGroup section */
		E4D37AAC28EF7292004FA7F5 = {
			isa = PBXGroup;
			children = (
				E4DCB0C428F138F300A19FD5 /* tierra--iOS--Info.plist */,
				E4D37AB128EF7292004FA7F5 /* Shared */,
				E4D37AC028EF7294004FA7F5 /* macOS */,
				E4D37ABA28EF7294004FA7F5 /* Products */,
			);
			sourceTree = "<group>";
		};
		E4D37AB128EF7292004FA7F5 /* Shared */ = {
			isa = PBXGroup;
			children = (
				E4D37AB228EF7292004FA7F5 /* tierraApp.swift */,
				E4DCB0C828F13B4700A19FD5 /* README.md */,
				E4D37AB328EF7292004FA7F5 /* ContentView.swift */,
				E4DCB0C928F13FD300A19FD5 /* MapBoxMapView.swift */,
				E4D37AB428EF7294004FA7F5 /* Assets.xcassets */,
			);
			path = Shared;
			sourceTree = "<group>";
		};
		E4D37ABA28EF7294004FA7F5 /* Products */ = {
			isa = PBXGroup;
			children = (
				E4D37AB928EF7294004FA7F5 /* tierra.app */,
				E4D37ABF28EF7294004FA7F5 /* tierra.app */,
			);
			name = Products;
			sourceTree = "<group>";
		};
		E4D37AC028EF7294004FA7F5 /* macOS */ = {
			isa = PBXGroup;
			children = (
				E4D37AC128EF7294004FA7F5 /* macOS.entitlements */,
			);
			path = macOS;
			sourceTree = "<group>";
		};
/* End PBXGroup section */

/* Begin PBXNativeTarget section */
		E4D37AB828EF7294004FA7F5 /* tierra (iOS) */ = {
			isa = PBXNativeTarget;
			buildConfigurationList = E4D37ACA28EF7294004FA7F5 /* Build configuration list for PBXNativeTarget "tierra (iOS)" */;
			buildPhases = (
				E4D37AB528EF7294004FA7F5 /* Sources */,
				E4D37AB628EF7294004FA7F5 /* Frameworks */,
				E4D37AB728EF7294004FA7F5 /* Resources */,
			);
			buildRules = (
			);
			dependencies = (
			);
			name = "tierra (iOS)";
			packageProductDependencies = (
				E4DCB0C628F13A1700A19FD5 /* MapboxMaps */,
			);
			productName = "tierra (iOS)";
			productReference = E4D37AB928EF7294004FA7F5 /* tierra.app */;
			productType = "com.apple.product-type.application";
		};
		E4D37ABE28EF7294004FA7F5 /* tierra (macOS) */ = {
			isa = PBXNativeTarget;
			buildConfigurationList = E4D37ACD28EF7294004FA7F5 /* Build configuration list for PBXNativeTarget "tierra (macOS)" */;
			buildPhases = (
				E4D37ABB28EF7294004FA7F5 /* Sources */,
				E4D37ABC28EF7294004FA7F5 /* Frameworks */,
				E4D37ABD28EF7294004FA7F5 /* Resources */,
			);
			buildRules = (
			);
			dependencies = (
			);
			name = "tierra (macOS)";
			productName = "tierra (macOS)";
			productReference = E4D37ABF28EF7294004FA7F5 /* tierra.app */;
			productType = "com.apple.product-type.application";
		};
/* End PBXNativeTarget section */

/* Begin PBXProject section */
		E4D37AAD28EF7292004FA7F5 /* Project object */ = {
			isa = PBXProject;
			attributes = {
				BuildIndependentTargetsInParallel = 1;
				LastSwiftUpdateCheck = 1340;
				LastUpgradeCheck = 1340;
				TargetAttributes = {
					E4D37AB828EF7294004FA7F5 = {
						CreatedOnToolsVersion = 13.4.1;
					};
					E4D37ABE28EF7294004FA7F5 = {
						CreatedOnToolsVersion = 13.4.1;
					};
				};
			};
			buildConfigurationList = E4D37AB028EF7292004FA7F5 /* Build configuration list for PBXProject "tierra" */;
			compatibilityVersion = "Xcode 13.0";
			developmentRegion = en;
			hasScannedForEncodings = 0;
			knownRegions = (
				en,
				Base,
			);
			mainGroup = E4D37AAC28EF7292004FA7F5;
			packageReferences = (
				E4DCB0C528F13A1700A19FD5 /* XCRemoteSwiftPackageReference "mapbox-maps-ios" */,
			);
			productRefGroup = E4D37ABA28EF7294004FA7F5 /* Products */;
			projectDirPath = "";
			projectRoot = "";
			targets = (
				E4D37AB828EF7294004FA7F5 /* tierra (iOS) */,
				E4D37ABE28EF7294004FA7F5 /* tierra (macOS) */,
			);
		};
/* End PBXProject section */

/* Begin PBXResourcesBuildPhase section */
		E4D37AB728EF7294004FA7F5 /* Resources */ = {
			isa = PBXResourcesBuildPhase;
			buildActionMask = 2147483647;
			files = (
				E4D37AC628EF7294004FA7F5 /* Assets.xcassets in Resources */,
			);
			runOnlyForDeploymentPostprocessing = 0;
		};
		E4D37ABD28EF7294004FA7F5 /* Resources */ = {
			isa = PBXResourcesBuildPhase;
			buildActionMask = 2147483647;
			files = (
				E4D37AC728EF7294004FA7F5 /* Assets.xcassets in Resources */,
			);
			runOnlyForDeploymentPostprocessing = 0;
		};
/* End PBXResourcesBuildPhase section */

/* Begin PBXSourcesBuildPhase section */
		E4D37AB528EF7294004FA7F5 /* Sources */ = {
			isa = PBXSourcesBuildPhase;
			buildActionMask = 2147483647;
			files = (
				E4D37AC428EF7294004FA7F5 /* ContentView.swift in Sources */,
				E4D37AC228EF7294004FA7F5 /* tierraApp.swift in Sources */,
				E4DCB0CA28F13FD400A19FD5 /* MapBoxMapView.swift in Sources */,
			);
			runOnlyForDeploymentPostprocessing = 0;
		};
		E4D37ABB28EF7294004FA7F5 /* Sources */ = {
			isa = PBXSourcesBuildPhase;
			buildActionMask = 2147483647;
			files = (
				E4D37AC528EF7294004FA7F5 /* ContentView.swift in Sources */,
				E4D37AC328EF7294004FA7F5 /* tierraApp.swift in Sources */,
			);
			runOnlyForDeploymentPostprocessing = 0;
		};
/* End PBXSourcesBuildPhase section */

/* Begin XCBuildConfiguration section */
		E4D37AC828EF7294004FA7F5 /* Debug */ = {
			isa = XCBuildConfiguration;
			buildSettings = {
				ALWAYS_SEARCH_USER_PATHS = NO;
				CLANG_ANALYZER_NONNULL = YES;
				CLANG_ANALYZER_NUMBER_OBJECT_CONVERSION = YES_AGGRESSIVE;
				CLANG_CXX_LANGUAGE_STANDARD = "gnu++17";
				CLANG_ENABLE_MODULES = YES;
				CLANG_ENABLE_OBJC_ARC = YES;
				CLANG_ENABLE_OBJC_WEAK = YES;
				CLANG_WARN_BLOCK_CAPTURE_AUTORELEASING = YES;
				CLANG_WARN_BOOL_CONVERSION = YES;
				CLANG_WARN_COMMA = YES;
				CLANG_WARN_CONSTANT_CONVERSION = YES;
				CLANG_WARN_DEPRECATED_OBJC_IMPLEMENTATIONS = YES;
				CLANG_WARN_DIRECT_OBJC_ISA_USAGE = YES_ERROR;
				CLANG_WARN_DOCUMENTATION_COMMENTS = YES;
				CLANG_WARN_EMPTY_BODY = YES;
				CLANG_WARN_ENUM_CONVERSION = YES;
				CLANG_WARN_INFINITE_RECURSION = YES;
				CLANG_WARN_INT_CONVERSION = YES;
				CLANG_WARN_NON_LITERAL_NULL_CONVERSION = YES;
				CLANG_WARN_OBJC_IMPLICIT_RETAIN_SELF = YES;
				CLANG_WARN_OBJC_LITERAL_CONVERSION = YES;
				CLANG_WARN_OBJC_ROOT_CLASS = YES_ERROR;
				CLANG_WARN_QUOTED_INCLUDE_IN_FRAMEWORK_HEADER = YES;
				CLANG_WARN_RANGE_LOOP_ANALYSIS = YES;
				CLANG_WARN_STRICT_PROTOTYPES = YES;
				CLANG_WARN_SUSPICIOUS_MOVE = YES;
				CLANG_WARN_UNGUARDED_AVAILABILITY = YES_AGGRESSIVE;
				CLANG_WARN_UNREACHABLE_CODE = YES;
				CLANG_WARN__DUPLICATE_METHOD_MATCH = YES;
				COPY_PHASE_STRIP = NO;
				DEBUG_INFORMATION_FORMAT = dwarf;
				ENABLE_STRICT_OBJC_MSGSEND = YES;
				ENABLE_TESTABILITY = YES;
				GCC_C_LANGUAGE_STANDARD = gnu11;
				GCC_DYNAMIC_NO_PIC = NO;
				GCC_NO_COMMON_BLOCKS = YES;
				GCC_OPTIMIZATION_LEVEL = 0;
				GCC_PREPROCESSOR_DEFINITIONS = (
					"DEBUG=1",
					"$(inherited)",
				);
				GCC_WARN_64_TO_32_BIT_CONVERSION = YES;
				GCC_WARN_ABOUT_RETURN_TYPE = YES_ERROR;
				GCC_WARN_UNDECLARED_SELECTOR = YES;
				GCC_WARN_UNINITIALIZED_AUTOS = YES_AGGRESSIVE;
				GCC_WARN_UNUSED_FUNCTION = YES;
				GCC_WARN_UNUSED_VARIABLE = YES;
				MTL_ENABLE_DEBUG_INFO = INCLUDE_SOURCE;
				MTL_FAST_MATH = YES;
				ONLY_ACTIVE_ARCH = YES;
				SWIFT_ACTIVE_COMPILATION_CONDITIONS = DEBUG;
				SWIFT_OPTIMIZATION_LEVEL = "-Onone";
			};
			name = Debug;
		};
		E4D37AC928EF7294004FA7F5 /* Release */ = {
			isa = XCBuildConfiguration;
			buildSettings = {
				ALWAYS_SEARCH_USER_PATHS = NO;
				CLANG_ANALYZER_NONNULL = YES;
				CLANG_ANALYZER_NUMBER_OBJECT_CONVERSION = YES_AGGRESSIVE;
				CLANG_CXX_LANGUAGE_STANDARD = "gnu++17";
				CLANG_ENABLE_MODULES = YES;
				CLANG_ENABLE_OBJC_ARC = YES;
				CLANG_ENABLE_OBJC_WEAK = YES;
				CLANG_WARN_BLOCK_CAPTURE_AUTORELEASING = YES;
				CLANG_WARN_BOOL_CONVERSION = YES;
				CLANG_WARN_COMMA = YES;
				CLANG_WARN_CONSTANT_CONVERSION = YES;
				CLANG_WARN_DEPRECATED_OBJC_IMPLEMENTATIONS = YES;
				CLANG_WARN_DIRECT_OBJC_ISA_USAGE = YES_ERROR;
				CLANG_WARN_DOCUMENTATION_COMMENTS = YES;
				CLANG_WARN_EMPTY_BODY = YES;
				CLANG_WARN_ENUM_CONVERSION = YES;
				CLANG_WARN_INFINITE_RECURSION = YES;
				CLANG_WARN_INT_CONVERSION = YES;
				CLANG_WARN_NON_LITERAL_NULL_CONVERSION = YES;
				CLANG_WARN_OBJC_IMPLICIT_RETAIN_SELF = YES;
				CLANG_WARN_OBJC_LITERAL_CONVERSION = YES;
				CLANG_WARN_OBJC_ROOT_CLASS = YES_ERROR;
				CLANG_WARN_QUOTED_INCLUDE_IN_FRAMEWORK_HEADER = YES;
				CLANG_WARN_RANGE_LOOP_ANALYSIS = YES;
				CLANG_WARN_STRICT_PROTOTYPES = YES;
				CLANG_WARN_SUSPICIOUS_MOVE = YES;
				CLANG_WARN_UNGUARDED_AVAILABILITY = YES_AGGRESSIVE;
				CLANG_WARN_UNREACHABLE_CODE = YES;
				CLANG_WARN__DUPLICATE_METHOD_MATCH = YES;
				COPY_PHASE_STRIP = NO;
				DEBUG_INFORMATION_FORMAT = "dwarf-with-dsym";
				ENABLE_NS_ASSERTIONS = NO;
				ENABLE_STRICT_OBJC_MSGSEND = YES;
				GCC_C_LANGUAGE_STANDARD = gnu11;
				GCC_NO_COMMON_BLOCKS = YES;
				GCC_WARN_64_TO_32_BIT_CONVERSION = YES;
				GCC_WARN_ABOUT_RETURN_TYPE = YES_ERROR;
				GCC_WARN_UNDECLARED_SELECTOR = YES;
				GCC_WARN_UNINITIALIZED_AUTOS = YES_AGGRESSIVE;
				GCC_WARN_UNUSED_FUNCTION = YES;
				GCC_WARN_UNUSED_VARIABLE = YES;
				MTL_ENABLE_DEBUG_INFO = NO;
				MTL_FAST_MATH = YES;
				SWIFT_COMPILATION_MODE = wholemodule;
				SWIFT_OPTIMIZATION_LEVEL = "-O";
			};
			name = Release;
		};
		E4D37ACB28EF7294004FA7F5 /* Debug */ = {
			isa = XCBuildConfiguration;
			buildSettings = {
				ASSETCATALOG_COMPILER_APPICON_NAME = AppIcon;
				ASSETCATALOG_COMPILER_GLOBAL_ACCENT_COLOR_NAME = AccentColor;
				CODE_SIGN_STYLE = Automatic;
				CURRENT_PROJECT_VERSION = 1;
				DEVELOPMENT_TEAM = 672Z6Y47KB;
				ENABLE_PREVIEWS = YES;
				GENERATE_INFOPLIST_FILE = YES;
				INFOPLIST_FILE = "tierra--iOS--Info.plist";
				INFOPLIST_KEY_NSLocationWhenInUseUsageDescription = "Your precise location is used to calculate turn-by-turn directions, show your location on the map, and help improve the map.";
				INFOPLIST_KEY_UIApplicationSceneManifest_Generation = YES;
				INFOPLIST_KEY_UIApplicationSupportsIndirectInputEvents = YES;
				INFOPLIST_KEY_UILaunchScreen_Generation = YES;
				INFOPLIST_KEY_UISupportedInterfaceOrientations_iPad = "UIInterfaceOrientationPortrait UIInterfaceOrientationPortraitUpsideDown UIInterfaceOrientationLandscapeLeft UIInterfaceOrientationLandscapeRight";
				INFOPLIST_KEY_UISupportedInterfaceOrientations_iPhone = "UIInterfaceOrientationPortrait UIInterfaceOrientationLandscapeLeft UIInterfaceOrientationLandscapeRight";
				IPHONEOS_DEPLOYMENT_TARGET = 15.5;
				LD_RUNPATH_SEARCH_PATHS = (
					"$(inherited)",
					"@executable_path/Frameworks",
				);
				MARKETING_VERSION = 1.0;
				PRODUCT_BUNDLE_IDENTIFIER = com.IsaacMoreno.tierra;
				PRODUCT_NAME = tierra;
				SDKROOT = iphoneos;
				SWIFT_EMIT_LOC_STRINGS = YES;
				SWIFT_VERSION = 5.0;
				TARGETED_DEVICE_FAMILY = "1,2";
			};
			name = Debug;
		};
		E4D37ACC28EF7294004FA7F5 /* Release */ = {
			isa = XCBuildConfiguration;
			buildSettings = {
				ASSETCATALOG_COMPILER_APPICON_NAME = AppIcon;
				ASSETCATALOG_COMPILER_GLOBAL_ACCENT_COLOR_NAME = AccentColor;
				CODE_SIGN_STYLE = Automatic;
				CURRENT_PROJECT_VERSION = 1;
				DEVELOPMENT_TEAM = 672Z6Y47KB;
				ENABLE_PREVIEWS = YES;
				GENERATE_INFOPLIST_FILE = YES;
				INFOPLIST_FILE = "tierra--iOS--Info.plist";
				INFOPLIST_KEY_NSLocationWhenInUseUsageDescription = "Your precise location is used to calculate turn-by-turn directions, show your location on the map, and help improve the map.";
				INFOPLIST_KEY_UIApplicationSceneManifest_Generation = YES;
				INFOPLIST_KEY_UIApplicationSupportsIndirectInputEvents = YES;
				INFOPLIST_KEY_UILaunchScreen_Generation = YES;
				INFOPLIST_KEY_UISupportedInterfaceOrientations_iPad = "UIInterfaceOrientationPortrait UIInterfaceOrientationPortraitUpsideDown UIInterfaceOrientationLandscapeLeft UIInterfaceOrientationLandscapeRight";
				INFOPLIST_KEY_UISupportedInterfaceOrientations_iPhone = "UIInterfaceOrientationPortrait UIInterfaceOrientationLandscapeLeft UIInterfaceOrientationLandscapeRight";
				IPHONEOS_DEPLOYMENT_TARGET = 15.5;
				LD_RUNPATH_SEARCH_PATHS = (
					"$(inherited)",
					"@executable_path/Frameworks",
				);
				MARKETING_VERSION = 1.0;
				PRODUCT_BUNDLE_IDENTIFIER = com.IsaacMoreno.tierra;
				PRODUCT_NAME = tierra;
				SDKROOT = iphoneos;
				SWIFT_EMIT_LOC_STRINGS = YES;
				SWIFT_VERSION = 5.0;
				TARGETED_DEVICE_FAMILY = "1,2";
				VALIDATE_PRODUCT = YES;
			};
			name = Release;
		};
		E4D37ACE28EF7294004FA7F5 /* Debug */ = {
			isa = XCBuildConfiguration;
			buildSettings = {
				ASSETCATALOG_COMPILER_APPICON_NAME = AppIcon;
				ASSETCATALOG_COMPILER_GLOBAL_ACCENT_COLOR_NAME = AccentColor;
				CODE_SIGN_ENTITLEMENTS = macOS/macOS.entitlements;
				CODE_SIGN_STYLE = Automatic;
				COMBINE_HIDPI_IMAGES = YES;
				CURRENT_PROJECT_VERSION = 1;
				DEVELOPMENT_TEAM = 672Z6Y47KB;
				ENABLE_HARDENED_RUNTIME = YES;
				ENABLE_PREVIEWS = YES;
				GENERATE_INFOPLIST_FILE = YES;
				INFOPLIST_KEY_NSHumanReadableCopyright = "";
				LD_RUNPATH_SEARCH_PATHS = (
					"$(inherited)",
					"@executable_path/../Frameworks",
				);
				MACOSX_DEPLOYMENT_TARGET = 12.3;
				MARKETING_VERSION = 1.0;
				PRODUCT_BUNDLE_IDENTIFIER = com.IsaacMoreno.tierra;
				PRODUCT_NAME = tierra;
				SDKROOT = macosx;
				SWIFT_EMIT_LOC_STRINGS = YES;
				SWIFT_VERSION = 5.0;
			};
			name = Debug;
		};
		E4D37ACF28EF7294004FA7F5 /* Release */ = {
			isa = XCBuildConfiguration;
			buildSettings = {
				ASSETCATALOG_COMPILER_APPICON_NAME = AppIcon;
				ASSETCATALOG_COMPILER_GLOBAL_ACCENT_COLOR_NAME = AccentColor;
				CODE_SIGN_ENTITLEMENTS = macOS/macOS.entitlements;
				CODE_SIGN_STYLE = Automatic;
				COMBINE_HIDPI_IMAGES = YES;
				CURRENT_PROJECT_VERSION = 1;
				DEVELOPMENT_TEAM = 672Z6Y47KB;
				ENABLE_HARDENED_RUNTIME = YES;
				ENABLE_PREVIEWS = YES;
				GENERATE_INFOPLIST_FILE = YES;
				INFOPLIST_KEY_NSHumanReadableCopyright = "";
				LD_RUNPATH_SEARCH_PATHS = (
					"$(inherited)",
					"@executable_path/../Frameworks",
				);
				MACOSX_DEPLOYMENT_TARGET = 12.3;
				MARKETING_VERSION = 1.0;
				PRODUCT_BUNDLE_IDENTIFIER = com.IsaacMoreno.tierra;
				PRODUCT_NAME = tierra;
				SDKROOT = macosx;
				SWIFT_EMIT_LOC_STRINGS = YES;
				SWIFT_VERSION = 5.0;
			};
			name = Release;
		};
/* End XCBuildConfiguration section */

/* Begin XCConfigurationList section */
		E4D37AB028EF7292004FA7F5 /* Build configuration list for PBXProject "tierra" */ = {
			isa = XCConfigurationList;
			buildConfigurations = (
				E4D37AC828EF7294004FA7F5 /* Debug */,
				E4D37AC928EF7294004FA7F5 /* Release */,
			);
			defaultConfigurationIsVisible = 0;
			defaultConfigurationName = Release;
		};
		E4D37ACA28EF7294004FA7F5 /* Build configuration list for PBXNativeTarget "tierra (iOS)" */ = {
			isa = XCConfigurationList;
			buildConfigurations = (
				E4D37ACB28EF7294004FA7F5 /* Debug */,
				E4D37ACC28EF7294004FA7F5 /* Release */,
			);
			defaultConfigurationIsVisible = 0;
			defaultConfigurationName = Release;
		};
		E4D37ACD28EF7294004FA7F5 /* Build configuration list for PBXNativeTarget "tierra (macOS)" */ = {
			isa = XCConfigurationList;
			buildConfigurations = (
				E4D37ACE28EF7294004FA7F5 /* Debug */,
				E4D37ACF28EF7294004FA7F5 /* Release */,
			);
			defaultConfigurationIsVisible = 0;
			defaultConfigurationName = Release;
		};
/* End XCConfigurationList section */

/* Begin XCRemoteSwiftPackageReference section */
		E4DCB0C528F13A1700A19FD5 /* XCRemoteSwiftPackageReference "mapbox-maps-ios" */ = {
			isa = XCRemoteSwiftPackageReference;
			repositoryURL = "https://github.com/mapbox/mapbox-maps-ios.git";
			requirement = {
				kind = exactVersion;
				version = 10.8.1;
			};
		};
/* End XCRemoteSwiftPackageReference section */

/* Begin XCSwiftPackageProductDependency section */
		E4DCB0C628F13A1700A19FD5 /* MapboxMaps */ = {
			isa = XCSwiftPackageProductDependency;
			package = E4DCB0C528F13A1700A19FD5 /* XCRemoteSwiftPackageReference "mapbox-maps-ios" */;
			productName = MapboxMaps;
		};
/* End XCSwiftPackageProductDependency section */
	};
	rootObject = E4D37AAD28EF7292004FA7F5 /* Project object */;
}
